
Microsoft Visual Studio Solution File, Format Version 12.00
# Visual Studio Version 16
VisualStudioVersion = 16.0.29306.81
MinimumVisualStudioVersion = 10.0.40219.1
Project("{9A19103F-16F7-4668-BE54-9A1E7A4F7556}") = "ntbs-service", "ntbs-service\ntbs-service.csproj", "{AB8422B4-2A6F-4E5F-B46E-BDBCFF28BBA6}"
EndProject
Project("{9A19103F-16F7-4668-BE54-9A1E7A4F7556}") = "ntbs-service-unit-tests", "ntbs-service-unit-tests\ntbs-service-unit-tests.csproj", "{350BDDB3-F482-43BC-9A60-19871DBAEE44}"
EndProject
Project("{9A19103F-16F7-4668-BE54-9A1E7A4F7556}") = "EFAuditer", "EFAuditer\EFAuditer.csproj", "{ECE91F94-B7BD-48D8-A14A-96FC22EAA68C}"
EndProject
Project("{FAE04EC0-301F-11D3-BF4B-00C04F79EFBC}") = "ntbs-integration-tests", "ntbs-integration-tests\ntbs-integration-tests.csproj", "{163FD048-AD92-4C45-9A89-C18820F1ABD4}"
EndProject
Project("{FAE04EC0-301F-11D3-BF4B-00C04F79EFBC}") = "ntbs-ui-tests", "ntbs-ui-tests\ntbs-ui-tests.csproj", "{E200EC24-CF7C-489E-86C2-868B2CF25A25}"
EndProject
Project("{FAE04EC0-301F-11D3-BF4B-00C04F79EFBC}") = "ntbs-migration-tests", "ntbs-migration-tests\ntbs-migration-tests.csproj", "{AB9431EE-9AB5-404E-9AC7-C02D4EA84B04}"
EndProject
Global
	GlobalSection(SolutionConfigurationPlatforms) = preSolution
		Debug|Any CPU = Debug|Any CPU
		Release|Any CPU = Release|Any CPU
	EndGlobalSection
	GlobalSection(ProjectConfigurationPlatforms) = postSolution
		{AB8422B4-2A6F-4E5F-B46E-BDBCFF28BBA6}.Debug|Any CPU.ActiveCfg = Debug|Any CPU
		{AB8422B4-2A6F-4E5F-B46E-BDBCFF28BBA6}.Debug|Any CPU.Build.0 = Debug|Any CPU
		{AB8422B4-2A6F-4E5F-B46E-BDBCFF28BBA6}.Release|Any CPU.ActiveCfg = Release|Any CPU
		{AB8422B4-2A6F-4E5F-B46E-BDBCFF28BBA6}.Release|Any CPU.Build.0 = Release|Any CPU
		{350BDDB3-F482-43BC-9A60-19871DBAEE44}.Debug|Any CPU.ActiveCfg = Debug|Any CPU
		{350BDDB3-F482-43BC-9A60-19871DBAEE44}.Debug|Any CPU.Build.0 = Debug|Any CPU
		{350BDDB3-F482-43BC-9A60-19871DBAEE44}.Release|Any CPU.ActiveCfg = Release|Any CPU
		{350BDDB3-F482-43BC-9A60-19871DBAEE44}.Release|Any CPU.Build.0 = Release|Any CPU
		{ECE91F94-B7BD-48D8-A14A-96FC22EAA68C}.Debug|Any CPU.ActiveCfg = Debug|Any CPU
		{ECE91F94-B7BD-48D8-A14A-96FC22EAA68C}.Debug|Any CPU.Build.0 = Debug|Any CPU
		{ECE91F94-B7BD-48D8-A14A-96FC22EAA68C}.Release|Any CPU.ActiveCfg = Release|Any CPU
		{ECE91F94-B7BD-48D8-A14A-96FC22EAA68C}.Release|Any CPU.Build.0 = Release|Any CPU
		{163FD048-AD92-4C45-9A89-C18820F1ABD4}.Debug|Any CPU.ActiveCfg = Debug|Any CPU
		{163FD048-AD92-4C45-9A89-C18820F1ABD4}.Debug|Any CPU.Build.0 = Debug|Any CPU
		{163FD048-AD92-4C45-9A89-C18820F1ABD4}.Release|Any CPU.ActiveCfg = Release|Any CPU
		{163FD048-AD92-4C45-9A89-C18820F1ABD4}.Release|Any CPU.Build.0 = Release|Any CPU
		{E200EC24-CF7C-489E-86C2-868B2CF25A25}.Debug|Any CPU.ActiveCfg = Debug|Any CPU
		{E200EC24-CF7C-489E-86C2-868B2CF25A25}.Debug|Any CPU.Build.0 = Debug|Any CPU
		{E200EC24-CF7C-489E-86C2-868B2CF25A25}.Release|Any CPU.ActiveCfg = Release|Any CPU
		{E200EC24-CF7C-489E-86C2-868B2CF25A25}.Release|Any CPU.Build.0 = Release|Any CPU
		{AB9431EE-9AB5-404E-9AC7-C02D4EA84B04}.Debug|Any CPU.ActiveCfg = Debug|Any CPU
		{AB9431EE-9AB5-404E-9AC7-C02D4EA84B04}.Debug|Any CPU.Build.0 = Debug|Any CPU
		{AB9431EE-9AB5-404E-9AC7-C02D4EA84B04}.Release|Any CPU.ActiveCfg = Release|Any CPU
		{AB9431EE-9AB5-404E-9AC7-C02D4EA84B04}.Release|Any CPU.Build.0 = Release|Any CPU
	EndGlobalSection
	GlobalSection(SolutionProperties) = preSolution
		HideSolutionNode = FALSE
	EndGlobalSection
	GlobalSection(ExtensibilityGlobals) = postSolution
		SolutionGuid = {095C8E4C-8CC5-404C-B4A3-C81B63A1D990}
	EndGlobalSection
EndGlobal
